
Microsoft Visual Studio Solution File, Format Version 12.00
# Visual Studio Version 17
VisualStudioVersion = 17.1.32228.430
MinimumVisualStudioVersion = 10.0.40219.1
Project("{FAE04EC0-301F-11D3-BF4B-00C04F79EFBC}") = "ClearApp.Android", "ClearApp\ClearApp.Android\ClearApp.Android.csproj", "{2333C946-02B3-4072-8017-366FFBFBDF6A}"
EndProject
Project("{FAE04EC0-301F-11D3-BF4B-00C04F79EFBC}") = "ClearApp.iOS", "ClearApp\ClearApp.iOS\ClearApp.iOS.csproj", "{96D72120-342C-49DE-98A8-58820DA7F7C9}"
EndProject
Project("{9A19103F-16F7-4668-BE54-9A1E7A4F7556}") = "ClearApp", "ClearApp\ClearApp\ClearApp.csproj", "{E325CAE0-26D6-4CB0-B62F-6840C844F86A}"
EndProject
Project("{FAE04EC0-301F-11D3-BF4B-00C04F79EFBC}") = "ClearApp.Tests", "ClearApp.Tests\ClearApp.Tests.csproj", "{6095300D-883B-4B57-996F-4576302235EB}"
EndProject
Global
	GlobalSection(SolutionConfigurationPlatforms) = preSolution
		Debug|Any CPU = Debug|Any CPU
		Debug|iPhone = Debug|iPhone
		Debug|iPhoneSimulator = Debug|iPhoneSimulator
		Release|Any CPU = Release|Any CPU
		Release|iPhone = Release|iPhone
		Release|iPhoneSimulator = Release|iPhoneSimulator
	EndGlobalSection
	GlobalSection(ProjectConfigurationPlatforms) = postSolution
		{2333C946-02B3-4072-8017-366FFBFBDF6A}.Debug|Any CPU.ActiveCfg = Debug|Any CPU
		{2333C946-02B3-4072-8017-366FFBFBDF6A}.Debug|Any CPU.Build.0 = Debug|Any CPU
		{2333C946-02B3-4072-8017-366FFBFBDF6A}.Debug|Any CPU.Deploy.0 = Debug|Any CPU
		{2333C946-02B3-4072-8017-366FFBFBDF6A}.Debug|iPhone.ActiveCfg = Debug|Any CPU
		{2333C946-02B3-4072-8017-366FFBFBDF6A}.Debug|iPhone.Build.0 = Debug|Any CPU
		{2333C946-02B3-4072-8017-366FFBFBDF6A}.Debug|iPhone.Deploy.0 = Debug|Any CPU
		{2333C946-02B3-4072-8017-366FFBFBDF6A}.Debug|iPhoneSimulator.ActiveCfg = Debug|Any CPU
		{2333C946-02B3-4072-8017-366FFBFBDF6A}.Debug|iPhoneSimulator.Build.0 = Debug|Any CPU
		{2333C946-02B3-4072-8017-366FFBFBDF6A}.Debug|iPhoneSimulator.Deploy.0 = Debug|Any CPU
		{2333C946-02B3-4072-8017-366FFBFBDF6A}.Release|Any CPU.ActiveCfg = Release|Any CPU
		{2333C946-02B3-4072-8017-366FFBFBDF6A}.Release|Any CPU.Build.0 = Release|Any CPU
		{2333C946-02B3-4072-8017-366FFBFBDF6A}.Release|Any CPU.Deploy.0 = Release|Any CPU
		{2333C946-02B3-4072-8017-366FFBFBDF6A}.Release|iPhone.ActiveCfg = Release|Any CPU
		{2333C946-02B3-4072-8017-366FFBFBDF6A}.Release|iPhone.Build.0 = Release|Any CPU
		{2333C946-02B3-4072-8017-366FFBFBDF6A}.Release|iPhone.Deploy.0 = Release|Any CPU
		{2333C946-02B3-4072-8017-366FFBFBDF6A}.Release|iPhoneSimulator.ActiveCfg = Release|Any CPU
		{2333C946-02B3-4072-8017-366FFBFBDF6A}.Release|iPhoneSimulator.Build.0 = Release|Any CPU
		{2333C946-02B3-4072-8017-366FFBFBDF6A}.Release|iPhoneSimulator.Deploy.0 = Release|Any CPU
		{96D72120-342C-49DE-98A8-58820DA7F7C9}.Debug|Any CPU.ActiveCfg = Debug|iPhone
		{96D72120-342C-49DE-98A8-58820DA7F7C9}.Debug|Any CPU.Build.0 = Debug|iPhone
		{96D72120-342C-49DE-98A8-58820DA7F7C9}.Debug|Any CPU.Deploy.0 = Debug|iPhone
		{96D72120-342C-49DE-98A8-58820DA7F7C9}.Debug|iPhone.ActiveCfg = Debug|iPhone
		{96D72120-342C-49DE-98A8-58820DA7F7C9}.Debug|iPhone.Build.0 = Debug|iPhone
		{96D72120-342C-49DE-98A8-58820DA7F7C9}.Debug|iPhone.Deploy.0 = Debug|iPhone
		{96D72120-342C-49DE-98A8-58820DA7F7C9}.Debug|iPhoneSimulator.ActiveCfg = Debug|iPhoneSimulator
		{96D72120-342C-49DE-98A8-58820DA7F7C9}.Debug|iPhoneSimulator.Build.0 = Debug|iPhoneSimulator
		{96D72120-342C-49DE-98A8-58820DA7F7C9}.Debug|iPhoneSimulator.Deploy.0 = Debug|iPhoneSimulator
		{96D72120-342C-49DE-98A8-58820DA7F7C9}.Release|Any CPU.ActiveCfg = Release|iPhoneSimulator
		{96D72120-342C-49DE-98A8-58820DA7F7C9}.Release|Any CPU.Build.0 = Release|iPhoneSimulator
		{96D72120-342C-49DE-98A8-58820DA7F7C9}.Release|Any CPU.Deploy.0 = Release|iPhoneSimulator
		{96D72120-342C-49DE-98A8-58820DA7F7C9}.Release|iPhone.ActiveCfg = Release|iPhone
		{96D72120-342C-49DE-98A8-58820DA7F7C9}.Release|iPhone.Build.0 = Release|iPhone
		{96D72120-342C-49DE-98A8-58820DA7F7C9}.Release|iPhone.Deploy.0 = Release|iPhone
		{96D72120-342C-49DE-98A8-58820DA7F7C9}.Release|iPhoneSimulator.ActiveCfg = Release|iPhoneSimulator
		{96D72120-342C-49DE-98A8-58820DA7F7C9}.Release|iPhoneSimulator.Build.0 = Release|iPhoneSimulator
		{96D72120-342C-49DE-98A8-58820DA7F7C9}.Release|iPhoneSimulator.Deploy.0 = Release|iPhoneSimulator
		{E325CAE0-26D6-4CB0-B62F-6840C844F86A}.Debug|Any CPU.ActiveCfg = Debug|Any CPU
		{E325CAE0-26D6-4CB0-B62F-6840C844F86A}.Debug|Any CPU.Build.0 = Debug|Any CPU
		{E325CAE0-26D6-4CB0-B62F-6840C844F86A}.Debug|Any CPU.Deploy.0 = Debug|Any CPU
		{E325CAE0-26D6-4CB0-B62F-6840C844F86A}.Debug|iPhone.ActiveCfg = Debug|Any CPU
		{E325CAE0-26D6-4CB0-B62F-6840C844F86A}.Debug|iPhone.Build.0 = Debug|Any CPU
		{E325CAE0-26D6-4CB0-B62F-6840C844F86A}.Debug|iPhone.Deploy.0 = Debug|Any CPU
		{E325CAE0-26D6-4CB0-B62F-6840C844F86A}.Debug|iPhoneSimulator.ActiveCfg = Debug|Any CPU
		{E325CAE0-26D6-4CB0-B62F-6840C844F86A}.Debug|iPhoneSimulator.Build.0 = Debug|Any CPU
		{E325CAE0-26D6-4CB0-B62F-6840C844F86A}.Debug|iPhoneSimulator.Deploy.0 = Debug|Any CPU
		{E325CAE0-26D6-4CB0-B62F-6840C844F86A}.Release|Any CPU.ActiveCfg = Release|Any CPU
		{E325CAE0-26D6-4CB0-B62F-6840C844F86A}.Release|Any CPU.Build.0 = Release|Any CPU
		{E325CAE0-26D6-4CB0-B62F-6840C844F86A}.Release|Any CPU.Deploy.0 = Release|Any CPU
		{E325CAE0-26D6-4CB0-B62F-6840C844F86A}.Release|iPhone.ActiveCfg = Release|Any CPU
		{E325CAE0-26D6-4CB0-B62F-6840C844F86A}.Release|iPhone.Build.0 = Release|Any CPU
		{E325CAE0-26D6-4CB0-B62F-6840C844F86A}.Release|iPhone.Deploy.0 = Release|Any CPU
		{E325CAE0-26D6-4CB0-B62F-6840C844F86A}.Release|iPhoneSimulator.ActiveCfg = Release|Any CPU
		{E325CAE0-26D6-4CB0-B62F-6840C844F86A}.Release|iPhoneSimulator.Build.0 = Release|Any CPU
		{E325CAE0-26D6-4CB0-B62F-6840C844F86A}.Release|iPhoneSimulator.Deploy.0 = Release|Any CPU
		{6095300D-883B-4B57-996F-4576302235EB}.Debug|Any CPU.ActiveCfg = Debug|Any CPU
		{6095300D-883B-4B57-996F-4576302235EB}.Debug|Any CPU.Build.0 = Debug|Any CPU
		{6095300D-883B-4B57-996F-4576302235EB}.Debug|iPhone.ActiveCfg = Debug|Any CPU
		{6095300D-883B-4B57-996F-4576302235EB}.Debug|iPhone.Build.0 = Debug|Any CPU
		{6095300D-883B-4B57-996F-4576302235EB}.Debug|iPhoneSimulator.ActiveCfg = Debug|Any CPU
		{6095300D-883B-4B57-996F-4576302235EB}.Debug|iPhoneSimulator.Build.0 = Debug|Any CPU
		{6095300D-883B-4B57-996F-4576302235EB}.Release|Any CPU.ActiveCfg = Release|Any CPU
		{6095300D-883B-4B57-996F-4576302235EB}.Release|Any CPU.Build.0 = Release|Any CPU
		{6095300D-883B-4B57-996F-4576302235EB}.Release|iPhone.ActiveCfg = Release|Any CPU
		{6095300D-883B-4B57-996F-4576302235EB}.Release|iPhone.Build.0 = Release|Any CPU
		{6095300D-883B-4B57-996F-4576302235EB}.Release|iPhoneSimulator.ActiveCfg = Release|Any CPU
		{6095300D-883B-4B57-996F-4576302235EB}.Release|iPhoneSimulator.Build.0 = Release|Any CPU
	EndGlobalSection
	GlobalSection(SolutionProperties) = preSolution
		HideSolutionNode = FALSE
	EndGlobalSection
	GlobalSection(ExtensibilityGlobals) = postSolution
		SolutionGuid = {EC9327BA-1F78-4E4A-9A62-A82020AFCAC3}
	EndGlobalSection
EndGlobal
